
Microsoft Visual Studio Solution File, Format Version 12.00
# Visual Studio Version 16
VisualStudioVersion = 16.0.31005.135
MinimumVisualStudioVersion = 10.0.40219.1
Project("{FAE04EC0-301F-11D3-BF4B-00C04F79EFBC}") = "WebApi", "WebApi\WebApi.csproj", "{72A2302B-3647-4B4E-AB07-E5EB5FE1A91C}"
EndProject
Project("{FAE04EC0-301F-11D3-BF4B-00C04F79EFBC}") = "WebVue", "WebVue\WebVue.csproj", "{079E834C-BC02-484B-AB24-7F56D1A75606}"
EndProject
Global
	GlobalSection(SolutionConfigurationPlatforms) = preSolution
		Debug|Any CPU = Debug|Any CPU
		Release|Any CPU = Release|Any CPU
	EndGlobalSection
	GlobalSection(ProjectConfigurationPlatforms) = postSolution
		{72A2302B-3647-4B4E-AB07-E5EB5FE1A91C}.Debug|Any CPU.ActiveCfg = Debug|Any CPU
		{72A2302B-3647-4B4E-AB07-E5EB5FE1A91C}.Debug|Any CPU.Build.0 = Debug|Any CPU
		{72A2302B-3647-4B4E-AB07-E5EB5FE1A91C}.Release|Any CPU.ActiveCfg = Release|Any CPU
		{72A2302B-3647-4B4E-AB07-E5EB5FE1A91C}.Release|Any CPU.Build.0 = Release|Any CPU
		{079E834C-BC02-484B-AB24-7F56D1A75606}.Debug|Any CPU.ActiveCfg = Debug|Any CPU
		{079E834C-BC02-484B-AB24-7F56D1A75606}.Debug|Any CPU.Build.0 = Debug|Any CPU
		{079E834C-BC02-484B-AB24-7F56D1A75606}.Release|Any CPU.ActiveCfg = Release|Any CPU
		{079E834C-BC02-484B-AB24-7F56D1A75606}.Release|Any CPU.Build.0 = Release|Any CPU
	EndGlobalSection
	GlobalSection(SolutionProperties) = preSolution
		HideSolutionNode = FALSE
	EndGlobalSection
	GlobalSection(ExtensibilityGlobals) = postSolution
		SolutionGuid = {BCECB386-C948-4A36-B2E1-652A7B38CB14}
	EndGlobalSection
EndGlobal
